// !$*UTF8*$!
{
	archiveVersion = 1;
	classes = {
	};
	objectVersion = 77;
	objects = {

/* Begin PBXBuildFile section */
		54DEC3932FA2087C009A81B8 /* ComposableArchitecture in Frameworks */ = {isa = PBXBuildFile; productRef = 54DEC3922FA2087C009A81B8 /* ComposableArchitecture */; };
/* End PBXBuildFile section */

/* Begin PBXContainerItemProxy section */
		54DEC3722FA206D2009A81B8 /* PBXContainerItemProxy */ = {
			isa = PBXContainerItemProxy;
			containerPortal = 54DEC35C2FA206D0009A81B8 /* Project object */;
			proxyType = 1;
			remoteGlobalIDString = 54DEC3632FA206D0009A81B8;
			remoteInfo = PicPocket;
		};
		54DEC37C2FA206D2009A81B8 /* PBXContainerItemProxy */ = {
			isa = PBXContainerItemProxy;
			containerPortal = 54DEC35C2FA206D0009A81B8 /* Project object */;
			proxyType = 1;
			remoteGlobalIDString = 54DEC3632FA206D0009A81B8;
			remoteInfo = PicPocket;
		};
/* End PBXContainerItemProxy section */

/* Begin PBXFileReference section */
		54DEC3642FA206D0009A81B8 /* PicPocket.app */ = {isa = PBXFileReference; explicitFileType = wrapper.application; includeInIndex = 0; path = PicPocket.app; sourceTree = BUILT_PRODUCTS_DIR; };
		54DEC3712FA206D2009A81B8 /* PicPocketTests.xctest */ = {isa = PBXFileReference; explicitFileType = wrapper.cfbundle; includeInIndex = 0; path = PicPocketTests.xctest; sourceTree = BUILT_PRODUCTS_DIR; };
		54DEC37B2FA206D2009A81B8 /* PicPocketUITests.xctest */ = {isa = PBXFileReference; explicitFileType = wrapper.cfbundle; includeInIndex = 0; path = PicPocketUITests.xctest; sourceTree = BUILT_PRODUCTS_DIR; };
/* End PBXFileReference section */

/* Begin PBXFileSystemSynchronizedRootGroup section */
		54DEC3662FA206D0009A81B8 /* PicPocket */ = {
			isa = PBXFileSystemSynchronizedRootGroup;
			path = PicPocket;
			sourceTree = "<group>";
		};
		54DEC3742FA206D2009A81B8 /* PicPocketTests */ = {
			isa = PBXFileSystemSynchronizedRootGroup;
			path = PicPocketTests;
			sourceTree = "<group>";
		};
		54DEC37E2FA206D2009A81B8 /* PicPocketUITests */ = {
			isa = PBXFileSystemSynchronizedRootGroup;
			path = PicPocketUITests;
			sourceTree = "<group>";
		};
/* End PBXFileSystemSynchronizedRootGroup section */

/* Begin PBXFrameworksBuildPhase section */
		54DEC3612FA206D0009A81B8 /* Frameworks */ = {
			isa = PBXFrameworksBuildPhase;
			buildActionMask = 2147483647;
			files = (
				54DEC3932FA2087C009A81B8 /* ComposableArchitecture in Frameworks */,
			);
			runOnlyForDeploymentPostprocessing = 0;
		};
		54DEC36E2FA206D2009A81B8 /* Frameworks */ = {
			isa = PBXFrameworksBuildPhase;
			buildActionMask = 2147483647;
			files = (
			);
			runOnlyForDeploymentPostprocessing = 0;
		};
		54DEC3782FA206D2009A81B8 /* Frameworks */ = {
			isa = PBXFrameworksBuildPhase;
			buildActionMask = 2147483647;
			files = (
			);
			runOnlyForDeploymentPostprocessing = 0;
		};
/* End PBXFrameworksBuildPhase section */

/* Begin PBXGroup section */
		54DEC35B2FA206D0009A81B8 = {
			isa = PBXGroup;
			children = (
				54DEC3662FA206D0009A81B8 /* PicPocket */,
				54DEC3742FA206D2009A81B8 /* PicPocketTests */,
				54DEC37E2FA206D2009A81B8 /* PicPocketUITests */,
				54DEC3652FA206D0009A81B8 /* Products */,
			);
			sourceTree = "<group>";
		};
		54DEC3652FA206D0009A81B8 /* Products */ = {
			isa = PBXGroup;
			children = (
				54DEC3642FA206D0009A81B8 /* PicPocket.app */,
				54DEC3712FA206D2009A81B8 /* PicPocketTests.xctest */,
				54DEC37B2FA206D2009A81B8 /* PicPocketUITests.xctest */,
			);
			name = Products;
			sourceTree = "<group>";
		};
/* End PBXGroup section */

/* Begin PBXNativeTarget section */
		54DEC3632FA206D0009A81B8 /* PicPocket */ = {
			isa = PBXNativeTarget;
			buildConfigurationList = 54DEC3852FA206D2009A81B8 /* Build configuration list for PBXNativeTarget "PicPocket" */;
			buildPhases = (
				54DEC3602FA206D0009A81B8 /* Sources */,
				54DEC3612FA206D0009A81B8 /* Frameworks */,
				54DEC3622FA206D0009A81B8 /* Resources */,
			);
			buildRules = (
			);
			dependencies = (
			);
			fileSystemSynchronizedGroups = (
				54DEC3662FA206D0009A81B8 /* PicPocket */,
			);
			name = PicPocket;
			packageProductDependencies = (
				54DEC3922FA2087C009A81B8 /* ComposableArchitecture */,
			);
			productName = PicPocket;
			productReference = 54DEC3642FA206D0009A81B8 /* PicPocket.app */;
			productType = "com.apple.product-type.application";
		};
		54DEC3702FA206D2009A81B8 /* PicPocketTests */ = {
			isa = PBXNativeTarget;
			buildConfigurationList = 54DEC3882FA206D2009A81B8 /* Build configuration list for PBXNativeTarget "PicPocketTests" */;
			buildPhases = (
				54DEC36D2FA206D2009A81B8 /* Sources */,
				54DEC36E2FA206D2009A81B8 /* Frameworks */,
				54DEC36F2FA206D2009A81B8 /* Resources */,
			);
			buildRules = (
			);
			dependencies = (
				54DEC3732FA206D2009A81B8 /* PBXTargetDependency */,
			);
			fileSystemSynchronizedGroups = (
				54DEC3742FA206D2009A81B8 /* PicPocketTests */,
			);
			name = PicPocketTests;
			packageProductDependencies = (
			);
			productName = PicPocketTests;
			productReference = 54DEC3712FA206D2009A81B8 /* PicPocketTests.xctest */;
			productType = "com.apple.product-type.bundle.unit-test";
		};
		54DEC37A2FA206D2009A81B8 /* PicPocketUITests */ = {
			isa = PBXNativeTarget;
			buildConfigurationList = 54DEC38B2FA206D2009A81B8 /* Build configuration list for PBXNativeTarget "PicPocketUITests" */;
			buildPhases = (
				54DEC3772FA206D2009A81B8 /* Sources */,
				54DEC3782FA206D2009A81B8 /* Frameworks */,
				54DEC3792FA206D2009A81B8 /* Resources */,
			);
			buildRules = (
			);
			dependencies = (
				54DEC37D2FA206D2009A81B8 /* PBXTargetDependency */,
			);
			fileSystemSynchronizedGroups = (
				54DEC37E2FA206D2009A81B8 /* PicPocketUITests */,
			);
			name = PicPocketUITests;
			packageProductDependencies = (
			);
			productName = PicPocketUITests;
			productReference = 54DEC37B2FA206D2009A81B8 /* PicPocketUITests.xctest */;
			productType = "com.apple.product-type.bundle.ui-testing";
		};
/* End PBXNativeTarget section */

/* Begin PBXProject section */
		54DEC35C2FA206D0009A81B8 /* Project object */ = {
			isa = PBXProject;
			attributes = {
				BuildIndependentTargetsInParallel = 1;
				LastSwiftUpdateCheck = 2640;
				LastUpgradeCheck = 2640;
				TargetAttributes = {
					54DEC3632FA206D0009A81B8 = {
						CreatedOnToolsVersion = 26.4.1;
					};
					54DEC3702FA206D2009A81B8 = {
						CreatedOnToolsVersion = 26.4.1;
						TestTargetID = 54DEC3632FA206D0009A81B8;
					};
					54DEC37A2FA206D2009A81B8 = {
						CreatedOnToolsVersion = 26.4.1;
						TestTargetID = 54DEC3632FA206D0009A81B8;
					};
				};
			};
			buildConfigurationList = 54DEC35F2FA206D0009A81B8 /* Build configuration list for PBXProject "PicPocket" */;
			developmentRegion = en;
			hasScannedForEncodings = 0;
			knownRegions = (
				en,
				Base,
			);
			mainGroup = 54DEC35B2FA206D0009A81B8;
			minimizedProjectReferenceProxies = 1;
			packageReferences = (
				54DEC3912FA2087C009A81B8 /* XCRemoteSwiftPackageReference "swift-composable-architecture" */,
			);
			preferredProjectObjectVersion = 77;
			productRefGroup = 54DEC3652FA206D0009A81B8 /* Products */;
			projectDirPath = "";
			projectRoot = "";
			targets = (
				54DEC3632FA206D0009A81B8 /* PicPocket */,
				54DEC3702FA206D2009A81B8 /* PicPocketTests */,
				54DEC37A2FA206D2009A81B8 /* PicPocketUITests */,
			);
		};
/* End PBXProject section */

/* Begin PBXResourcesBuildPhase section */
		54DEC3622FA206D0009A81B8 /* Resources */ = {
			isa = PBXResourcesBuildPhase;
			buildActionMask = 2147483647;
			files = (
			);
			runOnlyForDeploymentPostprocessing = 0;
		};
		54DEC36F2FA206D2009A81B8 /* Resources */ = {
			isa = PBXResourcesBuildPhase;
			buildActionMask = 2147483647;
			files = (
			);
			runOnlyForDeploymentPostprocessing = 0;
		};
		54DEC3792FA206D2009A81B8 /* Resources */ = {
			isa = PBXResourcesBuildPhase;
			buildActionMask = 2147483647;
			files = (
			);
			runOnlyForDeploymentPostprocessing = 0;
		};
/* End PBXResourcesBuildPhase section */

/* Begin PBXSourcesBuildPhase section */
		54DEC3602FA206D0009A81B8 /* Sources */ = {
			isa = PBXSourcesBuildPhase;
			buildActionMask = 2147483647;
			files = (
			);
			runOnlyForDeploymentPostprocessing = 0;
		};
		54DEC36D2FA206D2009A81B8 /* Sources */ = {
			isa = PBXSourcesBuildPhase;
			buildActionMask = 2147483647;
			files = (
			);
			runOnlyForDeploymentPostprocessing = 0;
		};
		54DEC3772FA206D2009A81B8 /* Sources */ = {
			isa = PBXSourcesBuildPhase;
			buildActionMask = 2147483647;
			files = (
			);
			runOnlyForDeploymentPostprocessing = 0;
		};
/* End PBXSourcesBuildPhase section */

/* Begin PBXTargetDependency section */
		54DEC3732FA206D2009A81B8 /* PBXTargetDependency */ = {
			isa = PBXTargetDependency;
			target = 54DEC3632FA206D0009A81B8 /* PicPocket */;
			targetProxy = 54DEC3722FA206D2009A81B8 /* PBXContainerItemProxy */;
		};
		54DEC37D2FA206D2009A81B8 /* PBXTargetDependency */ = {
			isa = PBXTargetDependency;
			target = 54DEC3632FA206D0009A81B8 /* PicPocket */;
			targetProxy = 54DEC37C2FA206D2009A81B8 /* PBXContainerItemProxy */;
		};
/* End PBXTargetDependency section */

/* Begin XCBuildConfiguration section */
		54DEC3832FA206D2009A81B8 /* Debug */ = {
			isa = XCBuildConfiguration;
			buildSettings = {
				ALWAYS_SEARCH_USER_PATHS = NO;
				ASSETCATALOG_COMPILER_GENERATE_SWIFT_ASSET_SYMBOL_EXTENSIONS = YES;
				CLANG_ANALYZER_NONNULL = YES;
				CLANG_ANALYZER_NUMBER_OBJECT_CONVERSION = YES_AGGRESSIVE;
				CLANG_CXX_LANGUAGE_STANDARD = "gnu++20";
				CLANG_ENABLE_MODULES = YES;
				CLANG_ENABLE_OBJC_ARC = YES;
				CLANG_ENABLE_OBJC_WEAK = YES;
				CLANG_WARN_BLOCK_CAPTURE_AUTORELEASING = YES;
				CLANG_WARN_BOOL_CONVERSION = YES;
				CLANG_WARN_COMMA = YES;
				CLANG_WARN_CONSTANT_CONVERSION = YES;
				CLANG_WARN_DEPRECATED_OBJC_IMPLEMENTATIONS = YES;
				CLANG_WARN_DIRECT_OBJC_ISA_USAGE = YES_ERROR;
				CLANG_WARN_DOCUMENTATION_COMMENTS = YES;
				CLANG_WARN_EMPTY_BODY = YES;
				CLANG_WARN_ENUM_CONVERSION = YES;
				CLANG_WARN_INFINITE_RECURSION = YES;
				CLANG_WARN_INT_CONVERSION = YES;
				CLANG_WARN_NON_LITERAL_NULL_CONVERSION = YES;
				CLANG_WARN_OBJC_IMPLICIT_RETAIN_SELF = YES;
				CLANG_WARN_OBJC_LITERAL_CONVERSION = YES;
				CLANG_WARN_OBJC_ROOT_CLASS = YES_ERROR;
				CLANG_WARN_QUOTED_INCLUDE_IN_FRAMEWORK_HEADER = YES;
				CLANG_WARN_RANGE_LOOP_ANALYSIS = YES;
				CLANG_WARN_STRICT_PROTOTYPES = YES;
				CLANG_WARN_SUSPICIOUS_MOVE = YES;
				CLANG_WARN_UNGUARDED_AVAILABILITY = YES_AGGRESSIVE;
				CLANG_WARN_UNREACHABLE_CODE = YES;
				CLANG_WARN__DUPLICATE_METHOD_MATCH = YES;
				COPY_PHASE_STRIP = NO;
				DEBUG_INFORMATION_FORMAT = dwarf;
				DEVELOPMENT_TEAM = 2Z7YX43544;
				ENABLE_STRICT_OBJC_MSGSEND = YES;
				ENABLE_TESTABILITY = YES;
				ENABLE_USER_SCRIPT_SANDBOXING = YES;
				GCC_C_LANGUAGE_STANDARD = gnu17;
				GCC_DYNAMIC_NO_PIC = NO;
				GCC_NO_COMMON_BLOCKS = YES;
				GCC_OPTIMIZATION_LEVEL = 0;
				GCC_PREPROCESSOR_DEFINITIONS = (
					"DEBUG=1",
					"$(inherited)",
				);
				GCC_WARN_64_TO_32_BIT_CONVERSION = YES;
				GCC_WARN_ABOUT_RETURN_TYPE = YES_ERROR;
				GCC_WARN_UNDECLARED_SELECTOR = YES;
				GCC_WARN_UNINITIALIZED_AUTOS = YES_AGGRESSIVE;
				GCC_WARN_UNUSED_FUNCTION = YES;
				GCC_WARN_UNUSED_VARIABLE = YES;
				IPHONEOS_DEPLOYMENT_TARGET = 18.0;
				LOCALIZATION_PREFERS_STRING_CATALOGS = YES;
				MTL_ENABLE_DEBUG_INFO = INCLUDE_SOURCE;
				MTL_FAST_MATH = YES;
				ONLY_ACTIVE_ARCH = YES;
				SDKROOT = iphoneos;
				SWIFT_ACTIVE_COMPILATION_CONDITIONS = "DEBUG $(inherited)";
				SWIFT_OPTIMIZATION_LEVEL = "-Onone";
			};
			name = Debug;
		};
		54DEC3842FA206D2009A81B8 /* Release */ = {
			isa = XCBuildConfiguration;
			buildSettings = {
				ALWAYS_SEARCH_USER_PATHS = NO;
				ASSETCATALOG_COMPILER_GENERATE_SWIFT_ASSET_SYMBOL_EXTENSIONS = YES;
				CLANG_ANALYZER_NONNULL = YES;
				CLANG_ANALYZER_NUMBER_OBJECT_CONVERSION = YES_AGGRESSIVE;
				CLANG_CXX_LANGUAGE_STANDARD = "gnu++20";
				CLANG_ENABLE_MODULES = YES;
				CLANG_ENABLE_OBJC_ARC = YES;
				CLANG_ENABLE_OBJC_WEAK = YES;
				CLANG_WARN_BLOCK_CAPTURE_AUTORELEASING = YES;
				CLANG_WARN_BOOL_CONVERSION = YES;
				CLANG_WARN_COMMA = YES;
				CLANG_WARN_CONSTANT_CONVERSION = YES;
				CLANG_WARN_DEPRECATED_OBJC_IMPLEMENTATIONS = YES;
				CLANG_WARN_DIRECT_OBJC_ISA_USAGE = YES_ERROR;
				CLANG_WARN_DOCUMENTATION_COMMENTS = YES;
				CLANG_WARN_EMPTY_BODY = YES;
				CLANG_WARN_ENUM_CONVERSION = YES;
				CLANG_WARN_INFINITE_RECURSION = YES;
				CLANG_WARN_INT_CONVERSION = YES;
				CLANG_WARN_NON_LITERAL_NULL_CONVERSION = YES;
				CLANG_WARN_OBJC_IMPLICIT_RETAIN_SELF = YES;
				CLANG_WARN_OBJC_LITERAL_CONVERSION = YES;
				CLANG_WARN_OBJC_ROOT_CLASS = YES_ERROR;
				CLANG_WARN_QUOTED_INCLUDE_IN_FRAMEWORK_HEADER = YES;
				CLANG_WARN_RANGE_LOOP_ANALYSIS = YES;
				CLANG_WARN_STRICT_PROTOTYPES = YES;
				CLANG_WARN_SUSPICIOUS_MOVE = YES;
				CLANG_WARN_UNGUARDED_AVAILABILITY = YES_AGGRESSIVE;
				CLANG_WARN_UNREACHABLE_CODE = YES;
				CLANG_WARN__DUPLICATE_METHOD_MATCH = YES;
				COPY_PHASE_STRIP = NO;
				DEBUG_INFORMATION_FORMAT = "dwarf-with-dsym";
				DEVELOPMENT_TEAM = 2Z7YX43544;
				ENABLE_NS_ASSERTIONS = NO;
				ENABLE_STRICT_OBJC_MSGSEND = YES;
				ENABLE_USER_SCRIPT_SANDBOXING = YES;
				GCC_C_LANGUAGE_STANDARD = gnu17;
				GCC_NO_COMMON_BLOCKS = YES;
				GCC_WARN_64_TO_32_BIT_CONVERSION = YES;
				GCC_WARN_ABOUT_RETURN_TYPE = YES_ERROR;
				GCC_WARN_UNDECLARED_SELECTOR = YES;
				GCC_WARN_UNINITIALIZED_AUTOS = YES_AGGRESSIVE;
				GCC_WARN_UNUSED_FUNCTION = YES;
				GCC_WARN_UNUSED_VARIABLE = YES;
				IPHONEOS_DEPLOYMENT_TARGET = 18.0;
				LOCALIZATION_PREFERS_STRING_CATALOGS = YES;
				MTL_ENABLE_DEBUG_INFO = NO;
				MTL_FAST_MATH = YES;
				SDKROOT = iphoneos;
				SWIFT_COMPILATION_MODE = wholemodule;
				VALIDATE_PRODUCT = YES;
			};
			name = Release;
		};
		54DEC3862FA206D2009A81B8 /* Debug */ = {
			isa = XCBuildConfiguration;
			buildSettings = {
				ASSETCATALOG_COMPILER_APPICON_NAME = AppIcon;
				ASSETCATALOG_COMPILER_GLOBAL_ACCENT_COLOR_NAME = AccentColor;
				CODE_SIGN_STYLE = Automatic;
				CURRENT_PROJECT_VERSION = 1;
				DEVELOPMENT_TEAM = 2Z7YX43544;
				ENABLE_PREVIEWS = YES;
				GENERATE_INFOPLIST_FILE = YES;
				INFOPLIST_KEY_NSPhotoLibraryAddUsageDescription = "향후 사용자가 요청할 때 Photos 앨범을 만들기 위해 필요할 수 있습니다. MVP에서는 사진 앱을 수정하지 않습니다.";
				INFOPLIST_KEY_NSPhotoLibraryUsageDescription = "스크린샷과 저장 이미지를 기기 안에서 분석해 자동으로 정리하기 위해 사진 접근 권한이 필요합니다.";
				INFOPLIST_KEY_UIApplicationSceneManifest_Generation = YES;
				INFOPLIST_KEY_UIApplicationSupportsIndirectInputEvents = YES;
				INFOPLIST_KEY_UILaunchScreen_Generation = YES;
				INFOPLIST_KEY_UISupportedInterfaceOrientations = UIInterfaceOrientationPortrait;
				IPHONEOS_DEPLOYMENT_TARGET = 18.0;
				LD_RUNPATH_SEARCH_PATHS = (
					"$(inherited)",
					"@executable_path/Frameworks",
				);
				MARKETING_VERSION = 1.0;
				PRODUCT_BUNDLE_IDENTIFIER = kr.pptaa.PicPocket;
				PRODUCT_NAME = "$(TARGET_NAME)";
				STRING_CATALOG_GENERATE_SYMBOLS = YES;
				SWIFT_APPROACHABLE_CONCURRENCY = YES;
				SWIFT_DEFAULT_ACTOR_ISOLATION = MainActor;
				SWIFT_EMIT_LOC_STRINGS = YES;
				SWIFT_UPCOMING_FEATURE_MEMBER_IMPORT_VISIBILITY = YES;
				SWIFT_VERSION = 5.0;
				TARGETED_DEVICE_FAMILY = "1,2";
			};
			name = Debug;
		};
		54DEC3872FA206D2009A81B8 /* Release */ = {
			isa = XCBuildConfiguration;
			buildSettings = {
				ASSETCATALOG_COMPILER_APPICON_NAME = AppIcon;
				ASSETCATALOG_COMPILER_GLOBAL_ACCENT_COLOR_NAME = AccentColor;
				CODE_SIGN_STYLE = Automatic;
				CURRENT_PROJECT_VERSION = 1;
				DEVELOPMENT_TEAM = 2Z7YX43544;
				ENABLE_PREVIEWS = YES;
				GENERATE_INFOPLIST_FILE = YES;
				INFOPLIST_KEY_NSPhotoLibraryAddUsageDescription = "향후 사용자가 요청할 때 Photos 앨범을 만들기 위해 필요할 수 있습니다. MVP에서는 사진 앱을 수정하지 않습니다.";
				INFOPLIST_KEY_NSPhotoLibraryUsageDescription = "스크린샷과 저장 이미지를 기기 안에서 분석해 자동으로 정리하기 위해 사진 접근 권한이 필요합니다.";
				INFOPLIST_KEY_UIApplicationSceneManifest_Generation = YES;
				INFOPLIST_KEY_UIApplicationSupportsIndirectInputEvents = YES;
				INFOPLIST_KEY_UILaunchScreen_Generation = YES;
				INFOPLIST_KEY_UISupportedInterfaceOrientations = UIInterfaceOrientationPortrait;
				IPHONEOS_DEPLOYMENT_TARGET = 18.0;
				LD_RUNPATH_SEARCH_PATHS = (
					"$(inherited)",
					"@executable_path/Frameworks",
				);
				MARKETING_VERSION = 1.0;
				PRODUCT_BUNDLE_IDENTIFIER = kr.pptaa.PicPocket;
				PRODUCT_NAME = "$(TARGET_NAME)";
				STRING_CATALOG_GENERATE_SYMBOLS = YES;
				SWIFT_APPROACHABLE_CONCURRENCY = YES;
				SWIFT_DEFAULT_ACTOR_ISOLATION = MainActor;
				SWIFT_EMIT_LOC_STRINGS = YES;
				SWIFT_UPCOMING_FEATURE_MEMBER_IMPORT_VISIBILITY = YES;
				SWIFT_VERSION = 5.0;
				TARGETED_DEVICE_FAMILY = "1,2";
			};
			name = Release;
		};
		54DEC3892FA206D2009A81B8 /* Debug */ = {
			isa = XCBuildConfiguration;
			buildSettings = {
				BUNDLE_LOADER = "$(TEST_HOST)";
				CODE_SIGN_STYLE = Automatic;
				CURRENT_PROJECT_VERSION = 1;
				DEVELOPMENT_TEAM = 2Z7YX43544;
				GENERATE_INFOPLIST_FILE = YES;
				IPHONEOS_DEPLOYMENT_TARGET = 18.0;
				MARKETING_VERSION = 1.0;
				PRODUCT_BUNDLE_IDENTIFIER = kr.pptaa.PicPocketTests;
				PRODUCT_NAME = "$(TARGET_NAME)";
				STRING_CATALOG_GENERATE_SYMBOLS = NO;
				SWIFT_APPROACHABLE_CONCURRENCY = YES;
				SWIFT_EMIT_LOC_STRINGS = NO;
				SWIFT_UPCOMING_FEATURE_MEMBER_IMPORT_VISIBILITY = YES;
				SWIFT_VERSION = 5.0;
				TARGETED_DEVICE_FAMILY = "1,2";
				TEST_HOST = "$(BUILT_PRODUCTS_DIR)/PicPocket.app/$(BUNDLE_EXECUTABLE_FOLDER_PATH)/PicPocket";
			};
			name = Debug;
		};
		54DEC38A2FA206D2009A81B8 /* Release */ = {
			isa = XCBuildConfiguration;
			buildSettings = {
				BUNDLE_LOADER = "$(TEST_HOST)";
				CODE_SIGN_STYLE = Automatic;
				CURRENT_PROJECT_VERSION = 1;
				DEVELOPMENT_TEAM = 2Z7YX43544;
				GENERATE_INFOPLIST_FILE = YES;
				IPHONEOS_DEPLOYMENT_TARGET = 18.0;
				MARKETING_VERSION = 1.0;
				PRODUCT_BUNDLE_IDENTIFIER = kr.pptaa.PicPocketTests;
				PRODUCT_NAME = "$(TARGET_NAME)";
				STRING_CATALOG_GENERATE_SYMBOLS = NO;
				SWIFT_APPROACHABLE_CONCURRENCY = YES;
				SWIFT_EMIT_LOC_STRINGS = NO;
				SWIFT_UPCOMING_FEATURE_MEMBER_IMPORT_VISIBILITY = YES;
				SWIFT_VERSION = 5.0;
				TARGETED_DEVICE_FAMILY = "1,2";
				TEST_HOST = "$(BUILT_PRODUCTS_DIR)/PicPocket.app/$(BUNDLE_EXECUTABLE_FOLDER_PATH)/PicPocket";
			};
			name = Release;
		};
		54DEC38C2FA206D2009A81B8 /* Debug */ = {
			isa = XCBuildConfiguration;
			buildSettings = {
				CODE_SIGN_STYLE = Automatic;
				CURRENT_PROJECT_VERSION = 1;
				DEVELOPMENT_TEAM = 2Z7YX43544;
				GENERATE_INFOPLIST_FILE = YES;
				MARKETING_VERSION = 1.0;
				PRODUCT_BUNDLE_IDENTIFIER = kr.pptaa.PicPocketUITests;
				PRODUCT_NAME = "$(TARGET_NAME)";
				STRING_CATALOG_GENERATE_SYMBOLS = NO;
				SWIFT_APPROACHABLE_CONCURRENCY = YES;
				SWIFT_EMIT_LOC_STRINGS = NO;
				SWIFT_UPCOMING_FEATURE_MEMBER_IMPORT_VISIBILITY = YES;
				SWIFT_VERSION = 5.0;
				TARGETED_DEVICE_FAMILY = "1,2";
				TEST_TARGET_NAME = PicPocket;
			};
			name = Debug;
		};
		54DEC38D2FA206D2009A81B8 /* Release */ = {
			isa = XCBuildConfiguration;
			buildSettings = {
				CODE_SIGN_STYLE = Automatic;
				CURRENT_PROJECT_VERSION = 1;
				DEVELOPMENT_TEAM = 2Z7YX43544;
				GENERATE_INFOPLIST_FILE = YES;
				MARKETING_VERSION = 1.0;
				PRODUCT_BUNDLE_IDENTIFIER = kr.pptaa.PicPocketUITests;
				PRODUCT_NAME = "$(TARGET_NAME)";
				STRING_CATALOG_GENERATE_SYMBOLS = NO;
				SWIFT_APPROACHABLE_CONCURRENCY = YES;
				SWIFT_EMIT_LOC_STRINGS = NO;
				SWIFT_UPCOMING_FEATURE_MEMBER_IMPORT_VISIBILITY = YES;
				SWIFT_VERSION = 5.0;
				TARGETED_DEVICE_FAMILY = "1,2";
				TEST_TARGET_NAME = PicPocket;
			};
			name = Release;
		};
/* End XCBuildConfiguration section */

/* Begin XCConfigurationList section */
		54DEC35F2FA206D0009A81B8 /* Build configuration list for PBXProject "PicPocket" */ = {
			isa = XCConfigurationList;
			buildConfigurations = (
				54DEC3832FA206D2009A81B8 /* Debug */,
				54DEC3842FA206D2009A81B8 /* Release */,
			);
			defaultConfigurationIsVisible = 0;
			defaultConfigurationName = Release;
		};
		54DEC3852FA206D2009A81B8 /* Build configuration list for PBXNativeTarget "PicPocket" */ = {
			isa = XCConfigurationList;
			buildConfigurations = (
				54DEC3862FA206D2009A81B8 /* Debug */,
				54DEC3872FA206D2009A81B8 /* Release */,
			);
			defaultConfigurationIsVisible = 0;
			defaultConfigurationName = Release;
		};
		54DEC3882FA206D2009A81B8 /* Build configuration list for PBXNativeTarget "PicPocketTests" */ = {
			isa = XCConfigurationList;
			buildConfigurations = (
				54DEC3892FA206D2009A81B8 /* Debug */,
				54DEC38A2FA206D2009A81B8 /* Release */,
			);
			defaultConfigurationIsVisible = 0;
			defaultConfigurationName = Release;
		};
		54DEC38B2FA206D2009A81B8 /* Build configuration list for PBXNativeTarget "PicPocketUITests" */ = {
			isa = XCConfigurationList;
			buildConfigurations = (
				54DEC38C2FA206D2009A81B8 /* Debug */,
				54DEC38D2FA206D2009A81B8 /* Release */,
			);
			defaultConfigurationIsVisible = 0;
			defaultConfigurationName = Release;
		};
/* End XCConfigurationList section */

/* Begin XCRemoteSwiftPackageReference section */
		54DEC3912FA2087C009A81B8 /* XCRemoteSwiftPackageReference "swift-composable-architecture" */ = {
			isa = XCRemoteSwiftPackageReference;
			repositoryURL = "https://github.com/pointfreeco/swift-composable-architecture.git";
			requirement = {
				kind = exactVersion;
				version = 1.24.0;
			};
		};
/* End XCRemoteSwiftPackageReference section */

/* Begin XCSwiftPackageProductDependency section */
		54DEC3922FA2087C009A81B8 /* ComposableArchitecture */ = {
			isa = XCSwiftPackageProductDependency;
			package = 54DEC3912FA2087C009A81B8 /* XCRemoteSwiftPackageReference "swift-composable-architecture" */;
			productName = ComposableArchitecture;
		};
/* End XCSwiftPackageProductDependency section */
	};
	rootObject = 54DEC35C2FA206D0009A81B8 /* Project object */;
}
